// !$*UTF8*$!
{
	archiveVersion = 1;
	classes = {
	};
	objectVersion = 46;
	objects = {

/* Begin PBXBuildFile section */
		3709178B1B553E0B0058B26A /* AppDelegate.swift in Sources */ = {isa = PBXBuildFile; fileRef = 3709178A1B553E0B0058B26A /* AppDelegate.swift */; };
		3709178E1B553E0C0058B26A /* Daily_Objective.xcdatamodeld in Sources */ = {isa = PBXBuildFile; fileRef = 3709178C1B553E0B0058B26A /* Daily_Objective.xcdatamodeld */; };
		370917931B553E0C0058B26A /* Main.storyboard in Resources */ = {isa = PBXBuildFile; fileRef = 370917911B553E0C0058B26A /* Main.storyboard */; };
		370917951B553E0C0058B26A /* Images.xcassets in Resources */ = {isa = PBXBuildFile; fileRef = 370917941B553E0C0058B26A /* Images.xcassets */; };
		370917981B553E0C0058B26A /* LaunchScreen.xib in Resources */ = {isa = PBXBuildFile; fileRef = 370917961B553E0C0058B26A /* LaunchScreen.xib */; };
		370917A41B553E0C0058B26A /* Daily_ObjectiveTests.swift in Sources */ = {isa = PBXBuildFile; fileRef = 370917A31B553E0C0058B26A /* Daily_ObjectiveTests.swift */; };
		3734BD011B56BB33008C8A03 /* DailyObjectivesTableViewController.swift in Sources */ = {isa = PBXBuildFile; fileRef = 3734BD001B56BB33008C8A03 /* DailyObjectivesTableViewController.swift */; };
		3734BD031B56CA43008C8A03 /* CustomTableViewCell.swift in Sources */ = {isa = PBXBuildFile; fileRef = 3734BD021B56CA42008C8A03 /* CustomTableViewCell.swift */; };
		379FE62B1B5EA13900B9E67A /* DetailViewController.swift in Sources */ = {isa = PBXBuildFile; fileRef = 379FE62A1B5EA13900B9E67A /* DetailViewController.swift */; };
		379FE62D1B5F0FAD00B9E67A /* Objective.swift in Sources */ = {isa = PBXBuildFile; fileRef = 379FE62C1B5F0FAD00B9E67A /* Objective.swift */; };
		37D84AD91B5808E300B6CAF4 /* Entitlements.plist in Resources */ = {isa = PBXBuildFile; fileRef = 37D84AD81B5808E300B6CAF4 /* Entitlements.plist */; };
/* End PBXBuildFile section */

/* Begin PBXContainerItemProxy section */
		3709179E1B553E0C0058B26A /* PBXContainerItemProxy */ = {
			isa = PBXContainerItemProxy;
			containerPortal = 3709177D1B553E0A0058B26A /* Project object */;
			proxyType = 1;
			remoteGlobalIDString = 370917841B553E0B0058B26A;
			remoteInfo = "Daily-Objective";
		};
/* End PBXContainerItemProxy section */

/* Begin PBXFileReference section */
		370917851B553E0B0058B26A /* Daily-Objective.app */ = {isa = PBXFileReference; explicitFileType = wrapper.application; includeInIndex = 0; path = "Daily-Objective.app"; sourceTree = BUILT_PRODUCTS_DIR; };
		370917891B553E0B0058B26A /* Info.plist */ = {isa = PBXFileReference; lastKnownFileType = text.plist.xml; path = Info.plist; sourceTree = "<group>"; };
		3709178A1B553E0B0058B26A /* AppDelegate.swift */ = {isa = PBXFileReference; lastKnownFileType = sourcecode.swift; path = AppDelegate.swift; sourceTree = "<group>"; };
		3709178D1B553E0B0058B26A /* Daily_Objective.xcdatamodel */ = {isa = PBXFileReference; lastKnownFileType = wrapper.xcdatamodel; path = Daily_Objective.xcdatamodel; sourceTree = "<group>"; };
		370917921B553E0C0058B26A /* Base */ = {isa = PBXFileReference; lastKnownFileType = file.storyboard; name = Base; path = Base.lproj/Main.storyboard; sourceTree = "<group>"; };
		370917941B553E0C0058B26A /* Images.xcassets */ = {isa = PBXFileReference; lastKnownFileType = folder.assetcatalog; path = Images.xcassets; sourceTree = "<group>"; };
		370917971B553E0C0058B26A /* Base */ = {isa = PBXFileReference; lastKnownFileType = file.xib; name = Base; path = Base.lproj/LaunchScreen.xib; sourceTree = "<group>"; };
		3709179D1B553E0C0058B26A /* Daily-ObjectiveTests.xctest */ = {isa = PBXFileReference; explicitFileType = wrapper.cfbundle; includeInIndex = 0; path = "Daily-ObjectiveTests.xctest"; sourceTree = BUILT_PRODUCTS_DIR; };
		370917A21B553E0C0058B26A /* Info.plist */ = {isa = PBXFileReference; lastKnownFileType = text.plist.xml; path = Info.plist; sourceTree = "<group>"; };
		370917A31B553E0C0058B26A /* Daily_ObjectiveTests.swift */ = {isa = PBXFileReference; lastKnownFileType = sourcecode.swift; path = Daily_ObjectiveTests.swift; sourceTree = "<group>"; };
		3734BD001B56BB33008C8A03 /* DailyObjectivesTableViewController.swift */ = {isa = PBXFileReference; fileEncoding = 4; lastKnownFileType = sourcecode.swift; path = DailyObjectivesTableViewController.swift; sourceTree = "<group>"; };
		3734BD021B56CA42008C8A03 /* CustomTableViewCell.swift */ = {isa = PBXFileReference; fileEncoding = 4; lastKnownFileType = sourcecode.swift; path = CustomTableViewCell.swift; sourceTree = "<group>"; };
		379FE62A1B5EA13900B9E67A /* DetailViewController.swift */ = {isa = PBXFileReference; fileEncoding = 4; lastKnownFileType = sourcecode.swift; path = DetailViewController.swift; sourceTree = "<group>"; };
		379FE62C1B5F0FAD00B9E67A /* Objective.swift */ = {isa = PBXFileReference; fileEncoding = 4; lastKnownFileType = sourcecode.swift; path = Objective.swift; sourceTree = "<group>"; };
		37D84AD81B5808E300B6CAF4 /* Entitlements.plist */ = {isa = PBXFileReference; fileEncoding = 4; lastKnownFileType = text.plist.xml; path = Entitlements.plist; sourceTree = "<group>"; };
/* End PBXFileReference section */

/* Begin PBXFrameworksBuildPhase section */
		370917821B553E0B0058B26A /* Frameworks */ = {
			isa = PBXFrameworksBuildPhase;
			buildActionMask = 2147483647;
			files = (
			);
			runOnlyForDeploymentPostprocessing = 0;
		};
		3709179A1B553E0C0058B26A /* Frameworks */ = {
			isa = PBXFrameworksBuildPhase;
			buildActionMask = 2147483647;
			files = (
			);
			runOnlyForDeploymentPostprocessing = 0;
		};
/* End PBXFrameworksBuildPhase section */

/* Begin PBXGroup section */
		3709177C1B553E0A0058B26A = {
			isa = PBXGroup;
			children = (
				37D84AD81B5808E300B6CAF4 /* Entitlements.plist */,
				370917871B553E0B0058B26A /* Daily-Objective */,
				370917A01B553E0C0058B26A /* Daily-ObjectiveTests */,
				370917861B553E0B0058B26A /* Products */,
			);
			sourceTree = "<group>";
		};
		370917861B553E0B0058B26A /* Products */ = {
			isa = PBXGroup;
			children = (
				370917851B553E0B0058B26A /* Daily-Objective.app */,
				3709179D1B553E0C0058B26A /* Daily-ObjectiveTests.xctest */,
			);
			name = Products;
			sourceTree = "<group>";
		};
		370917871B553E0B0058B26A /* Daily-Objective */ = {
			isa = PBXGroup;
			children = (
				3709178A1B553E0B0058B26A /* AppDelegate.swift */,
				3734BD001B56BB33008C8A03 /* DailyObjectivesTableViewController.swift */,
				3734BD021B56CA42008C8A03 /* CustomTableViewCell.swift */,
				379FE62A1B5EA13900B9E67A /* DetailViewController.swift */,
				379FE62C1B5F0FAD00B9E67A /* Objective.swift */,
				370917911B553E0C0058B26A /* Main.storyboard */,
				370917941B553E0C0058B26A /* Images.xcassets */,
				370917961B553E0C0058B26A /* LaunchScreen.xib */,
				3709178C1B553E0B0058B26A /* Daily_Objective.xcdatamodeld */,
				370917881B553E0B0058B26A /* Supporting Files */,
			);
			path = "Daily-Objective";
			sourceTree = "<group>";
		};
		370917881B553E0B0058B26A /* Supporting Files */ = {
			isa = PBXGroup;
			children = (
				370917891B553E0B0058B26A /* Info.plist */,
			);
			name = "Supporting Files";
			sourceTree = "<group>";
		};
		370917A01B553E0C0058B26A /* Daily-ObjectiveTests */ = {
			isa = PBXGroup;
			children = (
				370917A31B553E0C0058B26A /* Daily_ObjectiveTests.swift */,
				370917A11B553E0C0058B26A /* Supporting Files */,
			);
			path = "Daily-ObjectiveTests";
			sourceTree = "<group>";
		};
		370917A11B553E0C0058B26A /* Supporting Files */ = {
			isa = PBXGroup;
			children = (
				370917A21B553E0C0058B26A /* Info.plist */,
			);
			name = "Supporting Files";
			sourceTree = "<group>";
		};
/* End PBXGroup section */

/* Begin PBXNativeTarget section */
		370917841B553E0B0058B26A /* Daily-Objective */ = {
			isa = PBXNativeTarget;
			buildConfigurationList = 370917A71B553E0C0058B26A /* Build configuration list for PBXNativeTarget "Daily-Objective" */;
			buildPhases = (
				370917811B553E0B0058B26A /* Sources */,
				370917821B553E0B0058B26A /* Frameworks */,
				370917831B553E0B0058B26A /* Resources */,
			);
			buildRules = (
			);
			dependencies = (
			);
			name = "Daily-Objective";
			productName = "Daily-Objective";
			productReference = 370917851B553E0B0058B26A /* Daily-Objective.app */;
			productType = "com.apple.product-type.application";
		};
		3709179C1B553E0C0058B26A /* Daily-ObjectiveTests */ = {
			isa = PBXNativeTarget;
			buildConfigurationList = 370917AA1B553E0C0058B26A /* Build configuration list for PBXNativeTarget "Daily-ObjectiveTests" */;
			buildPhases = (
				370917991B553E0C0058B26A /* Sources */,
				3709179A1B553E0C0058B26A /* Frameworks */,
				3709179B1B553E0C0058B26A /* Resources */,
			);
			buildRules = (
			);
			dependencies = (
				3709179F1B553E0C0058B26A /* PBXTargetDependency */,
			);
			name = "Daily-ObjectiveTests";
			productName = "Daily-ObjectiveTests";
			productReference = 3709179D1B553E0C0058B26A /* Daily-ObjectiveTests.xctest */;
			productType = "com.apple.product-type.bundle.unit-test";
		};
/* End PBXNativeTarget section */

/* Begin PBXProject section */
		3709177D1B553E0A0058B26A /* Project object */ = {
			isa = PBXProject;
			attributes = {
				LastUpgradeCheck = 0640;
				ORGANIZATIONNAME = 9volt;
				TargetAttributes = {
					370917841B553E0B0058B26A = {
						CreatedOnToolsVersion = 6.4;
					};
					3709179C1B553E0C0058B26A = {
						CreatedOnToolsVersion = 6.4;
						TestTargetID = 370917841B553E0B0058B26A;
					};
				};
			};
			buildConfigurationList = 370917801B553E0A0058B26A /* Build configuration list for PBXProject "Daily-Objective" */;
			compatibilityVersion = "Xcode 3.2";
			developmentRegion = English;
			hasScannedForEncodings = 0;
			knownRegions = (
				en,
				Base,
			);
			mainGroup = 3709177C1B553E0A0058B26A;
			productRefGroup = 370917861B553E0B0058B26A /* Products */;
			projectDirPath = "";
			projectRoot = "";
			targets = (
				370917841B553E0B0058B26A /* Daily-Objective */,
				3709179C1B553E0C0058B26A /* Daily-ObjectiveTests */,
			);
		};
/* End PBXProject section */

/* Begin PBXResourcesBuildPhase section */
		370917831B553E0B0058B26A /* Resources */ = {
			isa = PBXResourcesBuildPhase;
			buildActionMask = 2147483647;
			files = (
				37D84AD91B5808E300B6CAF4 /* Entitlements.plist in Resources */,
				370917931B553E0C0058B26A /* Main.storyboard in Resources */,
				370917981B553E0C0058B26A /* LaunchScreen.xib in Resources */,
				370917951B553E0C0058B26A /* Images.xcassets in Resources */,
			);
			runOnlyForDeploymentPostprocessing = 0;
		};
		3709179B1B553E0C0058B26A /* Resources */ = {
			isa = PBXResourcesBuildPhase;
			buildActionMask = 2147483647;
			files = (
			);
			runOnlyForDeploymentPostprocessing = 0;
		};
/* End PBXResourcesBuildPhase section */

/* Begin PBXSourcesBuildPhase section */
		370917811B553E0B0058B26A /* Sources */ = {
			isa = PBXSourcesBuildPhase;
			buildActionMask = 2147483647;
			files = (
				3709178B1B553E0B0058B26A /* AppDelegate.swift in Sources */,
				3734BD011B56BB33008C8A03 /* DailyObjectivesTableViewController.swift in Sources */,
				379FE62B1B5EA13900B9E67A /* DetailViewController.swift in Sources */,
				379FE62D1B5F0FAD00B9E67A /* Objective.swift in Sources */,
				3734BD031B56CA43008C8A03 /* CustomTableViewCell.swift in Sources */,
				3709178E1B553E0C0058B26A /* Daily_Objective.xcdatamodeld in Sources */,
			);
			runOnlyForDeploymentPostprocessing = 0;
		};
		370917991B553E0C0058B26A /* Sources */ = {
			isa = PBXSourcesBuildPhase;
			buildActionMask = 2147483647;
			files = (
				370917A41B553E0C0058B26A /* Daily_ObjectiveTests.swift in Sources */,
			);
			runOnlyForDeploymentPostprocessing = 0;
		};
/* End PBXSourcesBuildPhase section */

/* Begin PBXTargetDependency section */
		3709179F1B553E0C0058B26A /* PBXTargetDependency */ = {
			isa = PBXTargetDependency;
			target = 370917841B553E0B0058B26A /* Daily-Objective */;
			targetProxy = 3709179E1B553E0C0058B26A /* PBXContainerItemProxy */;
		};
/* End PBXTargetDependency section */

/* Begin PBXVariantGroup section */
		370917911B553E0C0058B26A /* Main.storyboard */ = {
			isa = PBXVariantGroup;
			children = (
				370917921B553E0C0058B26A /* Base */,
			);
			name = Main.storyboard;
			sourceTree = "<group>";
		};
		370917961B553E0C0058B26A /* LaunchScreen.xib */ = {
			isa = PBXVariantGroup;
			children = (
				370917971B553E0C0058B26A /* Base */,
			);
			name = LaunchScreen.xib;
			sourceTree = "<group>";
		};
/* End PBXVariantGroup section */

/* Begin XCBuildConfiguration section */
		370917A51B553E0C0058B26A /* Debug */ = {
			isa = XCBuildConfiguration;
			buildSettings = {
				ALWAYS_SEARCH_USER_PATHS = NO;
				CLANG_CXX_LANGUAGE_STANDARD = "gnu++0x";
				CLANG_CXX_LIBRARY = "libc++";
				CLANG_ENABLE_MODULES = YES;
				CLANG_ENABLE_OBJC_ARC = YES;
				CLANG_WARN_BOOL_CONVERSION = YES;
				CLANG_WARN_CONSTANT_CONVERSION = YES;
				CLANG_WARN_DIRECT_OBJC_ISA_USAGE = YES_ERROR;
				CLANG_WARN_EMPTY_BODY = YES;
				CLANG_WARN_ENUM_CONVERSION = YES;
				CLANG_WARN_INT_CONVERSION = YES;
				CLANG_WARN_OBJC_ROOT_CLASS = YES_ERROR;
				CLANG_WARN_UNREACHABLE_CODE = YES;
				CLANG_WARN__DUPLICATE_METHOD_MATCH = YES;
				CODE_SIGN_ENTITLEMENTS = Entitlements.plist;
				CODE_SIGN_IDENTITY = "-";
				"CODE_SIGN_IDENTITY[sdk=iphoneos*]" = "-";
				COPY_PHASE_STRIP = NO;
				DEBUG_INFORMATION_FORMAT = "dwarf-with-dsym";
				ENABLE_STRICT_OBJC_MSGSEND = YES;
				GCC_C_LANGUAGE_STANDARD = gnu99;
				GCC_DYNAMIC_NO_PIC = NO;
				GCC_NO_COMMON_BLOCKS = YES;
				GCC_OPTIMIZATION_LEVEL = 0;
				GCC_PREPROCESSOR_DEFINITIONS = (
					"DEBUG=1",
					"$(inherited)",
				);
				GCC_SYMBOLS_PRIVATE_EXTERN = NO;
				GCC_WARN_64_TO_32_BIT_CONVERSION = YES;
				GCC_WARN_ABOUT_RETURN_TYPE = YES_ERROR;
				GCC_WARN_UNDECLARED_SELECTOR = YES;
				GCC_WARN_UNINITIALIZED_AUTOS = YES_AGGRESSIVE;
				GCC_WARN_UNUSED_FUNCTION = YES;
				GCC_WARN_UNUSED_VARIABLE = YES;
				IPHONEOS_DEPLOYMENT_TARGET = 8.0;
				MTL_ENABLE_DEBUG_INFO = YES;
				ONLY_ACTIVE_ARCH = YES;
				SDKROOT = iphoneos;
				SWIFT_OPTIMIZATION_LEVEL = "-Onone";
				TARGETED_DEVICE_FAMILY = "1,2";
			};
			name = Debug;
		};
		370917A61B553E0C0058B26A /* Release */ = {
			isa = XCBuildConfiguration;
			buildSettings = {
				ALWAYS_SEARCH_USER_PATHS = NO;
				CLANG_CXX_LANGUAGE_STANDARD = "gnu++0x";
				CLANG_CXX_LIBRARY = "libc++";
				CLANG_ENABLE_MODULES = YES;
				CLANG_ENABLE_OBJC_ARC = YES;
				CLANG_WARN_BOOL_CONVERSION = YES;
				CLANG_WARN_CONSTANT_CONVERSION = YES;
				CLANG_WARN_DIRECT_OBJC_ISA_USAGE = YES_ERROR;
				CLANG_WARN_EMPTY_BODY = YES;
				CLANG_WARN_ENUM_CONVERSION = YES;
				CLANG_WARN_INT_CONVERSION = YES;
				CLANG_WARN_OBJC_ROOT_CLASS = YES_ERROR;
				CLANG_WARN_UNREACHABLE_CODE = YES;
				CLANG_WARN__DUPLICATE_METHOD_MATCH = YES;
				CODE_SIGN_ENTITLEMENTS = Entitlements.plist;
				CODE_SIGN_IDENTITY = "-";
				"CODE_SIGN_IDENTITY[sdk=iphoneos*]" = "-";
				COPY_PHASE_STRIP = NO;
				DEBUG_INFORMATION_FORMAT = "dwarf-with-dsym";
				ENABLE_NS_ASSERTIONS = NO;
				ENABLE_STRICT_OBJC_MSGSEND = YES;
				GCC_C_LANGUAGE_STANDARD = gnu99;
				GCC_NO_COMMON_BLOCKS = YES;
				GCC_WARN_64_TO_32_BIT_CONVERSION = YES;
				GCC_WARN_ABOUT_RETURN_TYPE = YES_ERROR;
				GCC_WARN_UNDECLARED_SELECTOR = YES;
				GCC_WARN_UNINITIALIZED_AUTOS = YES_AGGRESSIVE;
				GCC_WARN_UNUSED_FUNCTION = YES;
				GCC_WARN_UNUSED_VARIABLE = YES;
				IPHONEOS_DEPLOYMENT_TARGET = 8.0;
				MTL_ENABLE_DEBUG_INFO = NO;
				SDKROOT = iphoneos;
				TARGETED_DEVICE_FAMILY = "1,2";
				VALIDATE_PRODUCT = YES;
			};
			name = Release;
		};
		370917A81B553E0C0058B26A /* Debug */ = {
			isa = XCBuildConfiguration;
			buildSettings = {
				ASSETCATALOG_COMPILER_APPICON_NAME = AppIcon;
				CODE_SIGN_ENTITLEMENTS = Entitlements.plist;
				INFOPLIST_FILE = "Daily-Objective/Info.plist";
				LD_RUNPATH_SEARCH_PATHS = "$(inherited) @executable_path/Frameworks";
				PRODUCT_NAME = "$(TARGET_NAME)";
			};
			name = Debug;
		};
		370917A91B553E0C0058B26A /* Release */ = {
			isa = XCBuildConfiguration;
			buildSettings = {
				ASSETCATALOG_COMPILER_APPICON_NAME = AppIcon;
				CODE_SIGN_ENTITLEMENTS = Entitlements.plist;
				INFOPLIST_FILE = "Daily-Objective/Info.plist";
				LD_RUNPATH_SEARCH_PATHS = "$(inherited) @executable_path/Frameworks";
				PRODUCT_NAME = "$(TARGET_NAME)";
			};
			name = Release;
		};
		370917AB1B553E0C0058B26A /* Debug */ = {
			isa = XCBuildConfiguration;
			buildSettings = {
				BUNDLE_LOADER = "$(TEST_HOST)";
				FRAMEWORK_SEARCH_PATHS = (
					"$(SDKROOT)/Developer/Library/Frameworks",
					"$(inherited)",
				);
				GCC_PREPROCESSOR_DEFINITIONS = (
					"DEBUG=1",
					"$(inherited)",
				);
				INFOPLIST_FILE = "Daily-ObjectiveTests/Info.plist";
				LD_RUNPATH_SEARCH_PATHS = "$(inherited) @executable_path/Frameworks @loader_path/Frameworks";
				PRODUCT_NAME = "$(TARGET_NAME)";
				TEST_HOST = "$(BUILT_PRODUCTS_DIR)/Daily-Objective.app/Daily-Objective";
			};
			name = Debug;
		};
		370917AC1B553E0C0058B26A /* Release */ = {
			isa = XCBuildConfiguration;
			buildSettings = {
				BUNDLE_LOADER = "$(TEST_HOST)";
				FRAMEWORK_SEARCH_PATHS = (
					"$(SDKROOT)/Developer/Library/Frameworks",
					"$(inherited)",
				);
				INFOPLIST_FILE = "Daily-ObjectiveTests/Info.plist";
				LD_RUNPATH_SEARCH_PATHS = "$(inherited) @executable_path/Frameworks @loader_path/Frameworks";
				PRODUCT_NAME = "$(TARGET_NAME)";
				TEST_HOST = "$(BUILT_PRODUCTS_DIR)/Daily-Objective.app/Daily-Objective";
			};
			name = Release;
		};
/* End XCBuildConfiguration section */

/* Begin XCConfigurationList section */
		370917801B553E0A0058B26A /* Build configuration list for PBXProject "Daily-Objective" */ = {
			isa = XCConfigurationList;
			buildConfigurations = (
				370917A51B553E0C0058B26A /* Debug */,
				370917A61B553E0C0058B26A /* Release */,
			);
			defaultConfigurationIsVisible = 0;
			defaultConfigurationName = Release;
		};
		370917A71B553E0C0058B26A /* Build configuration list for PBXNativeTarget "Daily-Objective" */ = {
			isa = XCConfigurationList;
			buildConfigurations = (
				370917A81B553E0C0058B26A /* Debug */,
				370917A91B553E0C0058B26A /* Release */,
			);
			defaultConfigurationIsVisible = 0;
			defaultConfigurationName = Release;
		};
		370917AA1B553E0C0058B26A /* Build configuration list for PBXNativeTarget "Daily-ObjectiveTests" */ = {
			isa = XCConfigurationList;
			buildConfigurations = (
				370917AB1B553E0C0058B26A /* Debug */,
				370917AC1B553E0C0058B26A /* Release */,
			);
			defaultConfigurationIsVisible = 0;
			defaultConfigurationName = Release;
		};
/* End XCConfigurationList section */

/* Begin XCVersionGroup section */
		3709178C1B553E0B0058B26A /* Daily_Objective.xcdatamodeld */ = {
			isa = XCVersionGroup;
			children = (
				3709178D1B553E0B0058B26A /* Daily_Objective.xcdatamodel */,
			);
			currentVersion = 3709178D1B553E0B0058B26A /* Daily_Objective.xcdatamodel */;
			path = Daily_Objective.xcdatamodeld;
			sourceTree = "<group>";
			versionGroupType = wrapper.xcdatamodel;
		};
/* End XCVersionGroup section */
	};
	rootObject = 3709177D1B553E0A0058B26A /* Project object */;
}
